
Microsoft Visual Studio Solution File, Format Version 12.00
# Visual Studio Version 16
VisualStudioVersion = 16.0.30907.101
MinimumVisualStudioVersion = 10.0.40219.1
Project("{FAE04EC0-301F-11D3-BF4B-00C04F79EFBC}") = "Chap05App", "Chap05App.csproj", "{3F6CD36F-7BCF-4A31-8EE5-11C454026D00}"
EndProject
Project("{FAE04EC0-301F-11D3-BF4B-00C04F79EFBC}") = "SwithchTestApp", "..\SwithchTestApp\SwithchTestApp.csproj", "{914E3C91-54A9-4939-A474-6A43425371DA}"
EndProject
Project("{FAE04EC0-301F-11D3-BF4B-00C04F79EFBC}") = "LoopTestApp", "..\LoopTestApp\LoopTestApp.csproj", "{AB84516F-8BE0-4FF1-AB45-AD0052188FA4}"
EndProject
Project("{FAE04EC0-301F-11D3-BF4B-00C04F79EFBC}") = "StarTestApp", "..\StarTestApp\StarTestApp.csproj", "{DA1431AC-2EBD-4575-B671-CCE022164249}"
EndProject
Project("{FAE04EC0-301F-11D3-BF4B-00C04F79EFBC}") = "ForeachTestApp", "..\ForeachTestApp\ForeachTestApp.csproj", "{F8A4465C-B2E5-42CB-ADB5-4DEBCDE0CA8D}"
EndProject
Project("{FAE04EC0-301F-11D3-BF4B-00C04F79EFBC}") = "infiniteLoopApp", "..\infiniteLoopApp\infiniteLoopApp.csproj", "{577ED1E2-44E6-4DBC-813B-ED40720C7DDA}"
EndProject
Project("{FAE04EC0-301F-11D3-BF4B-00C04F79EFBC}") = "JumpTestApp", "..\JumpTestApp\JumpTestApp.csproj", "{BC22CA48-5EB9-42D8-896A-9A4E7112AC26}"
EndProject
Global
	GlobalSection(SolutionConfigurationPlatforms) = preSolution
		Debug|Any CPU = Debug|Any CPU
		Release|Any CPU = Release|Any CPU
	EndGlobalSection
	GlobalSection(ProjectConfigurationPlatforms) = postSolution
		{3F6CD36F-7BCF-4A31-8EE5-11C454026D00}.Debug|Any CPU.ActiveCfg = Debug|Any CPU
		{3F6CD36F-7BCF-4A31-8EE5-11C454026D00}.Debug|Any CPU.Build.0 = Debug|Any CPU
		{3F6CD36F-7BCF-4A31-8EE5-11C454026D00}.Release|Any CPU.ActiveCfg = Release|Any CPU
		{3F6CD36F-7BCF-4A31-8EE5-11C454026D00}.Release|Any CPU.Build.0 = Release|Any CPU
		{914E3C91-54A9-4939-A474-6A43425371DA}.Debug|Any CPU.ActiveCfg = Debug|Any CPU
		{914E3C91-54A9-4939-A474-6A43425371DA}.Debug|Any CPU.Build.0 = Debug|Any CPU
		{914E3C91-54A9-4939-A474-6A43425371DA}.Release|Any CPU.ActiveCfg = Release|Any CPU
		{914E3C91-54A9-4939-A474-6A43425371DA}.Release|Any CPU.Build.0 = Release|Any CPU
		{AB84516F-8BE0-4FF1-AB45-AD0052188FA4}.Debug|Any CPU.ActiveCfg = Debug|Any CPU
		{AB84516F-8BE0-4FF1-AB45-AD0052188FA4}.Debug|Any CPU.Build.0 = Debug|Any CPU
		{AB84516F-8BE0-4FF1-AB45-AD0052188FA4}.Release|Any CPU.ActiveCfg = Release|Any CPU
		{AB84516F-8BE0-4FF1-AB45-AD0052188FA4}.Release|Any CPU.Build.0 = Release|Any CPU
		{DA1431AC-2EBD-4575-B671-CCE022164249}.Debug|Any CPU.ActiveCfg = Debug|Any CPU
		{DA1431AC-2EBD-4575-B671-CCE022164249}.Debug|Any CPU.Build.0 = Debug|Any CPU
		{DA1431AC-2EBD-4575-B671-CCE022164249}.Release|Any CPU.ActiveCfg = Release|Any CPU
		{DA1431AC-2EBD-4575-B671-CCE022164249}.Release|Any CPU.Build.0 = Release|Any CPU
		{F8A4465C-B2E5-42CB-ADB5-4DEBCDE0CA8D}.Debug|Any CPU.ActiveCfg = Debug|Any CPU
		{F8A4465C-B2E5-42CB-ADB5-4DEBCDE0CA8D}.Debug|Any CPU.Build.0 = Debug|Any CPU
		{F8A4465C-B2E5-42CB-ADB5-4DEBCDE0CA8D}.Release|Any CPU.ActiveCfg = Release|Any CPU
		{F8A4465C-B2E5-42CB-ADB5-4DEBCDE0CA8D}.Release|Any CPU.Build.0 = Release|Any CPU
		{577ED1E2-44E6-4DBC-813B-ED40720C7DDA}.Debug|Any CPU.ActiveCfg = Debug|Any CPU
		{577ED1E2-44E6-4DBC-813B-ED40720C7DDA}.Debug|Any CPU.Build.0 = Debug|Any CPU
		{577ED1E2-44E6-4DBC-813B-ED40720C7DDA}.Release|Any CPU.ActiveCfg = Release|Any CPU
		{577ED1E2-44E6-4DBC-813B-ED40720C7DDA}.Release|Any CPU.Build.0 = Release|Any CPU
		{BC22CA48-5EB9-42D8-896A-9A4E7112AC26}.Debug|Any CPU.ActiveCfg = Debug|Any CPU
		{BC22CA48-5EB9-42D8-896A-9A4E7112AC26}.Debug|Any CPU.Build.0 = Debug|Any CPU
		{BC22CA48-5EB9-42D8-896A-9A4E7112AC26}.Release|Any CPU.ActiveCfg = Release|Any CPU
		{BC22CA48-5EB9-42D8-896A-9A4E7112AC26}.Release|Any CPU.Build.0 = Release|Any CPU
	EndGlobalSection
	GlobalSection(SolutionProperties) = preSolution
		HideSolutionNode = FALSE
	EndGlobalSection
	GlobalSection(ExtensibilityGlobals) = postSolution
		SolutionGuid = {81BAE942-3A51-4A6D-952A-E2193EE0A578}
	EndGlobalSection
EndGlobal
