
Microsoft Visual Studio Solution File, Format Version 12.00
# Visual Studio Version 16
VisualStudioVersion = 16.0.30907.101
MinimumVisualStudioVersion = 10.0.40219.1
Project("{FAE04EC0-301F-11D3-BF4B-00C04F79EFBC}") = "Chap08InterfaceTestApp", "Chap08InterfaceTestApp.csproj", "{CACFE522-2814-40DF-A746-68AF28FCB7BC}"
EndProject
Project("{FAE04EC0-301F-11D3-BF4B-00C04F79EFBC}") = "DBConnTestApp", "..\DBConnTestApp\DBConnTestApp.csproj", "{96B103D5-336B-424F-9880-B20DEE116BFE}"
EndProject
Project("{FAE04EC0-301F-11D3-BF4B-00C04F79EFBC}") = "ILogger", "..\ILogger\ILogger.csproj", "{EF338560-F01D-4ED6-9F96-51B8C1906C29}"
EndProject
Global
	GlobalSection(SolutionConfigurationPlatforms) = preSolution
		Debug|Any CPU = Debug|Any CPU
		Release|Any CPU = Release|Any CPU
	EndGlobalSection
	GlobalSection(ProjectConfigurationPlatforms) = postSolution
		{CACFE522-2814-40DF-A746-68AF28FCB7BC}.Debug|Any CPU.ActiveCfg = Debug|Any CPU
		{CACFE522-2814-40DF-A746-68AF28FCB7BC}.Debug|Any CPU.Build.0 = Debug|Any CPU
		{CACFE522-2814-40DF-A746-68AF28FCB7BC}.Release|Any CPU.ActiveCfg = Release|Any CPU
		{CACFE522-2814-40DF-A746-68AF28FCB7BC}.Release|Any CPU.Build.0 = Release|Any CPU
		{96B103D5-336B-424F-9880-B20DEE116BFE}.Debug|Any CPU.ActiveCfg = Debug|Any CPU
		{96B103D5-336B-424F-9880-B20DEE116BFE}.Debug|Any CPU.Build.0 = Debug|Any CPU
		{96B103D5-336B-424F-9880-B20DEE116BFE}.Release|Any CPU.ActiveCfg = Release|Any CPU
		{96B103D5-336B-424F-9880-B20DEE116BFE}.Release|Any CPU.Build.0 = Release|Any CPU
		{EF338560-F01D-4ED6-9F96-51B8C1906C29}.Debug|Any CPU.ActiveCfg = Debug|Any CPU
		{EF338560-F01D-4ED6-9F96-51B8C1906C29}.Debug|Any CPU.Build.0 = Debug|Any CPU
		{EF338560-F01D-4ED6-9F96-51B8C1906C29}.Release|Any CPU.ActiveCfg = Release|Any CPU
		{EF338560-F01D-4ED6-9F96-51B8C1906C29}.Release|Any CPU.Build.0 = Release|Any CPU
	EndGlobalSection
	GlobalSection(SolutionProperties) = preSolution
		HideSolutionNode = FALSE
	EndGlobalSection
	GlobalSection(ExtensibilityGlobals) = postSolution
		SolutionGuid = {2C9891AF-42CD-434A-BA8C-4EF3D10C117C}
	EndGlobalSection
EndGlobal
