
Microsoft Visual Studio Solution File, Format Version 12.00
# Visual Studio Version 16
VisualStudioVersion = 16.0.30907.101
MinimumVisualStudioVersion = 10.0.40219.1
Project("{FAE04EC0-301F-11D3-BF4B-00C04F79EFBC}") = "Chap06App", "Chap06App.csproj", "{23918803-8DE6-4E8F-A763-464B5AF8204A}"
EndProject
Project("{FAE04EC0-301F-11D3-BF4B-00C04F79EFBC}") = "ProfileTestApp", "..\ProfileTestApp\ProfileTestApp.csproj", "{1F6146E0-4B9F-4862-902E-A9DED9336891}"
EndProject
Project("{FAE04EC0-301F-11D3-BF4B-00C04F79EFBC}") = "SortingTestApp", "..\SortingTestApp\SortingTestApp.csproj", "{9723D622-65D3-472C-9DDE-21FDB4C0D584}"
EndProject
Project("{FAE04EC0-301F-11D3-BF4B-00C04F79EFBC}") = "RefOutTestApp", "..\RefOutTestApp\RefOutTestApp.csproj", "{B356C434-204F-462D-99EA-7709239BBD6B}"
EndProject
Global
	GlobalSection(SolutionConfigurationPlatforms) = preSolution
		Debug|Any CPU = Debug|Any CPU
		Release|Any CPU = Release|Any CPU
	EndGlobalSection
	GlobalSection(ProjectConfigurationPlatforms) = postSolution
		{23918803-8DE6-4E8F-A763-464B5AF8204A}.Debug|Any CPU.ActiveCfg = Debug|Any CPU
		{23918803-8DE6-4E8F-A763-464B5AF8204A}.Debug|Any CPU.Build.0 = Debug|Any CPU
		{23918803-8DE6-4E8F-A763-464B5AF8204A}.Release|Any CPU.ActiveCfg = Release|Any CPU
		{23918803-8DE6-4E8F-A763-464B5AF8204A}.Release|Any CPU.Build.0 = Release|Any CPU
		{1F6146E0-4B9F-4862-902E-A9DED9336891}.Debug|Any CPU.ActiveCfg = Debug|Any CPU
		{1F6146E0-4B9F-4862-902E-A9DED9336891}.Debug|Any CPU.Build.0 = Debug|Any CPU
		{1F6146E0-4B9F-4862-902E-A9DED9336891}.Release|Any CPU.ActiveCfg = Release|Any CPU
		{1F6146E0-4B9F-4862-902E-A9DED9336891}.Release|Any CPU.Build.0 = Release|Any CPU
		{9723D622-65D3-472C-9DDE-21FDB4C0D584}.Debug|Any CPU.ActiveCfg = Debug|Any CPU
		{9723D622-65D3-472C-9DDE-21FDB4C0D584}.Debug|Any CPU.Build.0 = Debug|Any CPU
		{9723D622-65D3-472C-9DDE-21FDB4C0D584}.Release|Any CPU.ActiveCfg = Release|Any CPU
		{9723D622-65D3-472C-9DDE-21FDB4C0D584}.Release|Any CPU.Build.0 = Release|Any CPU
		{B356C434-204F-462D-99EA-7709239BBD6B}.Debug|Any CPU.ActiveCfg = Debug|Any CPU
		{B356C434-204F-462D-99EA-7709239BBD6B}.Debug|Any CPU.Build.0 = Debug|Any CPU
		{B356C434-204F-462D-99EA-7709239BBD6B}.Release|Any CPU.ActiveCfg = Release|Any CPU
		{B356C434-204F-462D-99EA-7709239BBD6B}.Release|Any CPU.Build.0 = Release|Any CPU
	EndGlobalSection
	GlobalSection(SolutionProperties) = preSolution
		HideSolutionNode = FALSE
	EndGlobalSection
	GlobalSection(ExtensibilityGlobals) = postSolution
		SolutionGuid = {CDCC5053-1C32-454D-B5B0-2AC8AA7EB95F}
	EndGlobalSection
EndGlobal
